
Microsoft Visual Studio Solution File, Format Version 12.00
# Visual Studio Version 16
VisualStudioVersion = 16.0.31624.102
MinimumVisualStudioVersion = 10.0.40219.1
Project("{9A19103F-16F7-4668-BE54-9A1E7A4F7556}") = "Client", "Client\Client.csproj", "{6910C59B-D327-4194-9E6D-F958FC251F13}"
EndProject
Project("{9A19103F-16F7-4668-BE54-9A1E7A4F7556}") = "Server", "Server\Server.csproj", "{BF88285E-291D-49B5-A155-199EC6EA2872}"
EndProject
Project("{2150E333-8FDC-42A3-9474-1A3956D46DE8}") = "Documents", "Documents", "{8B8176BB-89CC-47F2-B908-DABA779ABA93}"
	ProjectSection(SolutionItems) = preProject
		D:\Учеба\3 семестр\ООПОФ\ClientDiagramClass.drawio = D:\Учеба\3 семестр\ООПОФ\ClientDiagramClass.drawio
	EndProjectSection
EndProject
Global
	GlobalSection(SolutionConfigurationPlatforms) = preSolution
		Debug|Any CPU = Debug|Any CPU
		Release|Any CPU = Release|Any CPU
	EndGlobalSection
	GlobalSection(ProjectConfigurationPlatforms) = postSolution
		{6910C59B-D327-4194-9E6D-F958FC251F13}.Debug|Any CPU.ActiveCfg = Debug|Any CPU
		{6910C59B-D327-4194-9E6D-F958FC251F13}.Debug|Any CPU.Build.0 = Debug|Any CPU
		{6910C59B-D327-4194-9E6D-F958FC251F13}.Release|Any CPU.ActiveCfg = Release|Any CPU
		{6910C59B-D327-4194-9E6D-F958FC251F13}.Release|Any CPU.Build.0 = Release|Any CPU
		{BF88285E-291D-49B5-A155-199EC6EA2872}.Debug|Any CPU.ActiveCfg = Debug|Any CPU
		{BF88285E-291D-49B5-A155-199EC6EA2872}.Debug|Any CPU.Build.0 = Debug|Any CPU
		{BF88285E-291D-49B5-A155-199EC6EA2872}.Release|Any CPU.ActiveCfg = Release|Any CPU
		{BF88285E-291D-49B5-A155-199EC6EA2872}.Release|Any CPU.Build.0 = Release|Any CPU
	EndGlobalSection
	GlobalSection(SolutionProperties) = preSolution
		HideSolutionNode = FALSE
	EndGlobalSection
	GlobalSection(ExtensibilityGlobals) = postSolution
		SolutionGuid = {F9AA2613-59AA-4C47-B12F-9595D941D85D}
	EndGlobalSection
EndGlobal
